
Microsoft Visual Studio Solution File, Format Version 12.00
# Visual Studio Version 16
VisualStudioVersion = 16.0.29509.3
MinimumVisualStudioVersion = 10.0.40219.1
Project("{FAE04EC0-301F-11D3-BF4B-00C04F79EFBC}") = "Vendor_Product_Revenue_Web_app", "Vendor_Product_Revenue_Web_app.csproj", "{CBEAA471-2CD2-45C9-B4A0-1603586F2EEE}"
EndProject
Global
	GlobalSection(SolutionConfigurationPlatforms) = preSolution
		Debug|Any CPU = Debug|Any CPU
		Release|Any CPU = Release|Any CPU
	EndGlobalSection
	GlobalSection(ProjectConfigurationPlatforms) = postSolution
		{CBEAA471-2CD2-45C9-B4A0-1603586F2EEE}.Debug|Any CPU.ActiveCfg = Debug|Any CPU
		{CBEAA471-2CD2-45C9-B4A0-1603586F2EEE}.Debug|Any CPU.Build.0 = Debug|Any CPU
		{CBEAA471-2CD2-45C9-B4A0-1603586F2EEE}.Release|Any CPU.ActiveCfg = Release|Any CPU
		{CBEAA471-2CD2-45C9-B4A0-1603586F2EEE}.Release|Any CPU.Build.0 = Release|Any CPU
	EndGlobalSection
	GlobalSection(SolutionProperties) = preSolution
		HideSolutionNode = FALSE
	EndGlobalSection
	GlobalSection(ExtensibilityGlobals) = postSolution
		SolutionGuid = {CFA3548B-7C68-4094-9C34-632F74F0F2AF}
	EndGlobalSection
EndGlobal
